// !$*UTF8*$!
{
	archiveVersion = 1;
	classes = {
	};
	objectVersion = 50;
	objects = {

/* Begin PBXBuildFile section */
		95D457FB24AAA78C00C5466E /* AppDelegate.swift in Sources */ = {isa = PBXBuildFile; fileRef = 95D457FA24AAA78C00C5466E /* AppDelegate.swift */; };
		95D457FD24AAA78C00C5466E /* SceneDelegate.swift in Sources */ = {isa = PBXBuildFile; fileRef = 95D457FC24AAA78C00C5466E /* SceneDelegate.swift */; };
		95D457FF24AAA78C00C5466E /* ViewController.swift in Sources */ = {isa = PBXBuildFile; fileRef = 95D457FE24AAA78C00C5466E /* ViewController.swift */; };
		95D4580224AAA78C00C5466E /* Main.storyboard in Resources */ = {isa = PBXBuildFile; fileRef = 95D4580024AAA78C00C5466E /* Main.storyboard */; };
		95D4580424AAA79300C5466E /* Assets.xcassets in Resources */ = {isa = PBXBuildFile; fileRef = 95D4580324AAA79300C5466E /* Assets.xcassets */; };
		95D4580724AAA79300C5466E /* LaunchScreen.storyboard in Resources */ = {isa = PBXBuildFile; fileRef = 95D4580524AAA79300C5466E /* LaunchScreen.storyboard */; };
		95D4580F24AAA81F00C5466E /* ExampleView.swift in Sources */ = {isa = PBXBuildFile; fileRef = 95D4580E24AAA81F00C5466E /* ExampleView.swift */; };
		95D4581124AAAE1D00C5466E /* ExampleModel.swift in Sources */ = {isa = PBXBuildFile; fileRef = 95D4581024AAAE1D00C5466E /* ExampleModel.swift */; };
/* End PBXBuildFile section */

/* Begin PBXFileReference section */
		95D457F724AAA78C00C5466E /* MVCtest.app */ = {isa = PBXFileReference; explicitFileType = wrapper.application; includeInIndex = 0; path = MVCtest.app; sourceTree = BUILT_PRODUCTS_DIR; };
		95D457FA24AAA78C00C5466E /* AppDelegate.swift */ = {isa = PBXFileReference; lastKnownFileType = sourcecode.swift; path = AppDelegate.swift; sourceTree = "<group>"; };
		95D457FC24AAA78C00C5466E /* SceneDelegate.swift */ = {isa = PBXFileReference; lastKnownFileType = sourcecode.swift; path = SceneDelegate.swift; sourceTree = "<group>"; };
		95D457FE24AAA78C00C5466E /* ViewController.swift */ = {isa = PBXFileReference; lastKnownFileType = sourcecode.swift; path = ViewController.swift; sourceTree = "<group>"; };
		95D4580124AAA78C00C5466E /* Base */ = {isa = PBXFileReference; lastKnownFileType = file.storyboard; name = Base; path = Base.lproj/Main.storyboard; sourceTree = "<group>"; };
		95D4580324AAA79300C5466E /* Assets.xcassets */ = {isa = PBXFileReference; lastKnownFileType = folder.assetcatalog; path = Assets.xcassets; sourceTree = "<group>"; };
		95D4580624AAA79300C5466E /* Base */ = {isa = PBXFileReference; lastKnownFileType = file.storyboard; name = Base; path = Base.lproj/LaunchScreen.storyboard; sourceTree = "<group>"; };
		95D4580824AAA79300C5466E /* Info.plist */ = {isa = PBXFileReference; lastKnownFileType = text.plist.xml; path = Info.plist; sourceTree = "<group>"; };
		95D4580E24AAA81F00C5466E /* ExampleView.swift */ = {isa = PBXFileReference; lastKnownFileType = sourcecode.swift; path = ExampleView.swift; sourceTree = "<group>"; };
		95D4581024AAAE1D00C5466E /* ExampleModel.swift */ = {isa = PBXFileReference; lastKnownFileType = sourcecode.swift; path = ExampleModel.swift; sourceTree = "<group>"; };
/* End PBXFileReference section */

/* Begin PBXFrameworksBuildPhase section */
		95D457F424AAA78C00C5466E /* Frameworks */ = {
			isa = PBXFrameworksBuildPhase;
			buildActionMask = 2147483647;
			files = (
			);
			runOnlyForDeploymentPostprocessing = 0;
		};
/* End PBXFrameworksBuildPhase section */

/* Begin PBXGroup section */
		95D457EE24AAA78C00C5466E = {
			isa = PBXGroup;
			children = (
				95D457F924AAA78C00C5466E /* MVCtest */,
				95D457F824AAA78C00C5466E /* Products */,
			);
			sourceTree = "<group>";
		};
		95D457F824AAA78C00C5466E /* Products */ = {
			isa = PBXGroup;
			children = (
				95D457F724AAA78C00C5466E /* MVCtest.app */,
			);
			name = Products;
			sourceTree = "<group>";
		};
		95D457F924AAA78C00C5466E /* MVCtest */ = {
			isa = PBXGroup;
			children = (
				95D457FA24AAA78C00C5466E /* AppDelegate.swift */,
				95D457FC24AAA78C00C5466E /* SceneDelegate.swift */,
				95D457FE24AAA78C00C5466E /* ViewController.swift */,
				95D4580024AAA78C00C5466E /* Main.storyboard */,
				95D4580324AAA79300C5466E /* Assets.xcassets */,
				95D4580524AAA79300C5466E /* LaunchScreen.storyboard */,
				95D4580824AAA79300C5466E /* Info.plist */,
				95D4580E24AAA81F00C5466E /* ExampleView.swift */,
				95D4581024AAAE1D00C5466E /* ExampleModel.swift */,
			);
			path = MVCtest;
			sourceTree = "<group>";
		};
/* End PBXGroup section */

/* Begin PBXNativeTarget section */
		95D457F624AAA78C00C5466E /* MVCtest */ = {
			isa = PBXNativeTarget;
			buildConfigurationList = 95D4580B24AAA79300C5466E /* Build configuration list for PBXNativeTarget "MVCtest" */;
			buildPhases = (
				95D457F324AAA78C00C5466E /* Sources */,
				95D457F424AAA78C00C5466E /* Frameworks */,
				95D457F524AAA78C00C5466E /* Resources */,
			);
			buildRules = (
			);
			dependencies = (
			);
			name = MVCtest;
			productName = MVCtest;
			productReference = 95D457F724AAA78C00C5466E /* MVCtest.app */;
			productType = "com.apple.product-type.application";
		};
/* End PBXNativeTarget section */

/* Begin PBXProject section */
		95D457EF24AAA78C00C5466E /* Project object */ = {
			isa = PBXProject;
			attributes = {
				LastSwiftUpdateCheck = 1150;
				LastUpgradeCheck = 1150;
				ORGANIZATIONNAME = "Yuki Shinohara";
				TargetAttributes = {
					95D457F624AAA78C00C5466E = {
						CreatedOnToolsVersion = 11.5;
					};
				};
			};
			buildConfigurationList = 95D457F224AAA78C00C5466E /* Build configuration list for PBXProject "MVCtest" */;
			compatibilityVersion = "Xcode 9.3";
			developmentRegion = en;
			hasScannedForEncodings = 0;
			knownRegions = (
				en,
				Base,
			);
			mainGroup = 95D457EE24AAA78C00C5466E;
			productRefGroup = 95D457F824AAA78C00C5466E /* Products */;
			projectDirPath = "";
			projectRoot = "";
			targets = (
				95D457F624AAA78C00C5466E /* MVCtest */,
			);
		};
/* End PBXProject section */

/* Begin PBXResourcesBuildPhase section */
		95D457F524AAA78C00C5466E /* Resources */ = {
			isa = PBXResourcesBuildPhase;
			buildActionMask = 2147483647;
			files = (
				95D4580724AAA79300C5466E /* LaunchScreen.storyboard in Resources */,
				95D4580424AAA79300C5466E /* Assets.xcassets in Resources */,
				95D4580224AAA78C00C5466E /* Main.storyboard in Resources */,
			);
			runOnlyForDeploymentPostprocessing = 0;
		};
/* End PBXResourcesBuildPhase section */

/* Begin PBXSourcesBuildPhase section */
		95D457F324AAA78C00C5466E /* Sources */ = {
			isa = PBXSourcesBuildPhase;
			buildActionMask = 2147483647;
			files = (
				95D457FF24AAA78C00C5466E /* ViewController.swift in Sources */,
				95D4581124AAAE1D00C5466E /* ExampleModel.swift in Sources */,
				95D457FB24AAA78C00C5466E /* AppDelegate.swift in Sources */,
				95D457FD24AAA78C00C5466E /* SceneDelegate.swift in Sources */,
				95D4580F24AAA81F00C5466E /* ExampleView.swift in Sources */,
			);
			runOnlyForDeploymentPostprocessing = 0;
		};
/* End PBXSourcesBuildPhase section */

/* Begin PBXVariantGroup section */
		95D4580024AAA78C00C5466E /* Main.storyboard */ = {
			isa = PBXVariantGroup;
			children = (
				95D4580124AAA78C00C5466E /* Base */,
			);
			name = Main.storyboard;
			sourceTree = "<group>";
		};
		95D4580524AAA79300C5466E /* LaunchScreen.storyboard */ = {
			isa = PBXVariantGroup;
			children = (
				95D4580624AAA79300C5466E /* Base */,
			);
			name = LaunchScreen.storyboard;
			sourceTree = "<group>";
		};
/* End PBXVariantGroup section */

/* Begin XCBuildConfiguration section */
		95D4580924AAA79300C5466E /* Debug */ = {
			isa = XCBuildConfiguration;
			buildSettings = {
				ALWAYS_SEARCH_USER_PATHS = NO;
				CLANG_ANALYZER_NONNULL = YES;
				CLANG_ANALYZER_NUMBER_OBJECT_CONVERSION = YES_AGGRESSIVE;
				CLANG_CXX_LANGUAGE_STANDARD = "gnu++14";
				CLANG_CXX_LIBRARY = "libc++";
				CLANG_ENABLE_MODULES = YES;
				CLANG_ENABLE_OBJC_ARC = YES;
				CLANG_ENABLE_OBJC_WEAK = YES;
				CLANG_WARN_BLOCK_CAPTURE_AUTORELEASING = YES;
				CLANG_WARN_BOOL_CONVERSION = YES;
				CLANG_WARN_COMMA = YES;
				CLANG_WARN_CONSTANT_CONVERSION = YES;
				CLANG_WARN_DEPRECATED_OBJC_IMPLEMENTATIONS = YES;
				CLANG_WARN_DIRECT_OBJC_ISA_USAGE = YES_ERROR;
				CLANG_WARN_DOCUMENTATION_COMMENTS = YES;
				CLANG_WARN_EMPTY_BODY = YES;
				CLANG_WARN_ENUM_CONVERSION = YES;
				CLANG_WARN_INFINITE_RECURSION = YES;
				CLANG_WARN_INT_CONVERSION = YES;
				CLANG_WARN_NON_LITERAL_NULL_CONVERSION = YES;
				CLANG_WARN_OBJC_IMPLICIT_RETAIN_SELF = YES;
				CLANG_WARN_OBJC_LITERAL_CONVERSION = YES;
				CLANG_WARN_OBJC_ROOT_CLASS = YES_ERROR;
				CLANG_WARN_RANGE_LOOP_ANALYSIS = YES;
				CLANG_WARN_STRICT_PROTOTYPES = YES;
				CLANG_WARN_SUSPICIOUS_MOVE = YES;
				CLANG_WARN_UNGUARDED_AVAILABILITY = YES_AGGRESSIVE;
				CLANG_WARN_UNREACHABLE_CODE = YES;
				CLANG_WARN__DUPLICATE_METHOD_MATCH = YES;
				COPY_PHASE_STRIP = NO;
				DEBUG_INFORMATION_FORMAT = dwarf;
				ENABLE_STRICT_OBJC_MSGSEND = YES;
				ENABLE_TESTABILITY = YES;
				GCC_C_LANGUAGE_STANDARD = gnu11;
				GCC_DYNAMIC_NO_PIC = NO;
				GCC_NO_COMMON_BLOCKS = YES;
				GCC_OPTIMIZATION_LEVEL = 0;
				GCC_PREPROCESSOR_DEFINITIONS = (
					"DEBUG=1",
					"$(inherited)",
				);
				GCC_WARN_64_TO_32_BIT_CONVERSION = YES;
				GCC_WARN_ABOUT_RETURN_TYPE = YES_ERROR;
				GCC_WARN_UNDECLARED_SELECTOR = YES;
				GCC_WARN_UNINITIALIZED_AUTOS = YES_AGGRESSIVE;
				GCC_WARN_UNUSED_FUNCTION = YES;
				GCC_WARN_UNUSED_VARIABLE = YES;
				IPHONEOS_DEPLOYMENT_TARGET = 13.5;
				MTL_ENABLE_DEBUG_INFO = INCLUDE_SOURCE;
				MTL_FAST_MATH = YES;
				ONLY_ACTIVE_ARCH = YES;
				SDKROOT = iphoneos;
				SWIFT_ACTIVE_COMPILATION_CONDITIONS = DEBUG;
				SWIFT_OPTIMIZATION_LEVEL = "-Onone";
			};
			name = Debug;
		};
		95D4580A24AAA79300C5466E /* Release */ = {
			isa = XCBuildConfiguration;
			buildSettings = {
				ALWAYS_SEARCH_USER_PATHS = NO;
				CLANG_ANALYZER_NONNULL = YES;
				CLANG_ANALYZER_NUMBER_OBJECT_CONVERSION = YES_AGGRESSIVE;
				CLANG_CXX_LANGUAGE_STANDARD = "gnu++14";
				CLANG_CXX_LIBRARY = "libc++";
				CLANG_ENABLE_MODULES = YES;
				CLANG_ENABLE_OBJC_ARC = YES;
				CLANG_ENABLE_OBJC_WEAK = YES;
				CLANG_WARN_BLOCK_CAPTURE_AUTORELEASING = YES;
				CLANG_WARN_BOOL_CONVERSION = YES;
				CLANG_WARN_COMMA = YES;
				CLANG_WARN_CONSTANT_CONVERSION = YES;
				CLANG_WARN_DEPRECATED_OBJC_IMPLEMENTATIONS = YES;
				CLANG_WARN_DIRECT_OBJC_ISA_USAGE = YES_ERROR;
				CLANG_WARN_DOCUMENTATION_COMMENTS = YES;
				CLANG_WARN_EMPTY_BODY = YES;
				CLANG_WARN_ENUM_CONVERSION = YES;
				CLANG_WARN_INFINITE_RECURSION = YES;
				CLANG_WARN_INT_CONVERSION = YES;
				CLANG_WARN_NON_LITERAL_NULL_CONVERSION = YES;
				CLANG_WARN_OBJC_IMPLICIT_RETAIN_SELF = YES;
				CLANG_WARN_OBJC_LITERAL_CONVERSION = YES;
				CLANG_WARN_OBJC_ROOT_CLASS = YES_ERROR;
				CLANG_WARN_RANGE_LOOP_ANALYSIS = YES;
				CLANG_WARN_STRICT_PROTOTYPES = YES;
				CLANG_WARN_SUSPICIOUS_MOVE = YES;
				CLANG_WARN_UNGUARDED_AVAILABILITY = YES_AGGRESSIVE;
				CLANG_WARN_UNREACHABLE_CODE = YES;
				CLANG_WARN__DUPLICATE_METHOD_MATCH = YES;
				COPY_PHASE_STRIP = NO;
				DEBUG_INFORMATION_FORMAT = "dwarf-with-dsym";
				ENABLE_NS_ASSERTIONS = NO;
				ENABLE_STRICT_OBJC_MSGSEND = YES;
				GCC_C_LANGUAGE_STANDARD = gnu11;
				GCC_NO_COMMON_BLOCKS = YES;
				GCC_WARN_64_TO_32_BIT_CONVERSION = YES;
				GCC_WARN_ABOUT_RETURN_TYPE = YES_ERROR;
				GCC_WARN_UNDECLARED_SELECTOR = YES;
				GCC_WARN_UNINITIALIZED_AUTOS = YES_AGGRESSIVE;
				GCC_WARN_UNUSED_FUNCTION = YES;
				GCC_WARN_UNUSED_VARIABLE = YES;
				IPHONEOS_DEPLOYMENT_TARGET = 13.5;
				MTL_ENABLE_DEBUG_INFO = NO;
				MTL_FAST_MATH = YES;
				SDKROOT = iphoneos;
				SWIFT_COMPILATION_MODE = wholemodule;
				SWIFT_OPTIMIZATION_LEVEL = "-O";
				VALIDATE_PRODUCT = YES;
			};
			name = Release;
		};
		95D4580C24AAA79300C5466E /* Debug */ = {
			isa = XCBuildConfiguration;
			buildSettings = {
				ASSETCATALOG_COMPILER_APPICON_NAME = AppIcon;
				CODE_SIGN_STYLE = Automatic;
				DEVELOPMENT_TEAM = 7RFPAQ2NAA;
				INFOPLIST_FILE = MVCtest/Info.plist;
				LD_RUNPATH_SEARCH_PATHS = (
					"$(inherited)",
					"@executable_path/Frameworks",
				);
				PRODUCT_BUNDLE_IDENTIFIER = com.shino.MVCtest;
				PRODUCT_NAME = "$(TARGET_NAME)";
				SWIFT_VERSION = 5.0;
				TARGETED_DEVICE_FAMILY = "1,2";
			};
			name = Debug;
		};
		95D4580D24AAA79300C5466E /* Release */ = {
			isa = XCBuildConfiguration;
			buildSettings = {
				ASSETCATALOG_COMPILER_APPICON_NAME = AppIcon;
				CODE_SIGN_STYLE = Automatic;
				DEVELOPMENT_TEAM = 7RFPAQ2NAA;
				INFOPLIST_FILE = MVCtest/Info.plist;
				LD_RUNPATH_SEARCH_PATHS = (
					"$(inherited)",
					"@executable_path/Frameworks",
				);
				PRODUCT_BUNDLE_IDENTIFIER = com.shino.MVCtest;
				PRODUCT_NAME = "$(TARGET_NAME)";
				SWIFT_VERSION = 5.0;
				TARGETED_DEVICE_FAMILY = "1,2";
			};
			name = Release;
		};
/* End XCBuildConfiguration section */

/* Begin XCConfigurationList section */
		95D457F224AAA78C00C5466E /* Build configuration list for PBXProject "MVCtest" */ = {
			isa = XCConfigurationList;
			buildConfigurations = (
				95D4580924AAA79300C5466E /* Debug */,
				95D4580A24AAA79300C5466E /* Release */,
			);
			defaultConfigurationIsVisible = 0;
			defaultConfigurationName = Release;
		};
		95D4580B24AAA79300C5466E /* Build configuration list for PBXNativeTarget "MVCtest" */ = {
			isa = XCConfigurationList;
			buildConfigurations = (
				95D4580C24AAA79300C5466E /* Debug */,
				95D4580D24AAA79300C5466E /* Release */,
			);
			defaultConfigurationIsVisible = 0;
			defaultConfigurationName = Release;
		};
/* End XCConfigurationList section */
	};
	rootObject = 95D457EF24AAA78C00C5466E /* Project object */;
}
